
Microsoft Visual Studio Solution File, Format Version 12.00
# Visual Studio Version 16
VisualStudioVersion = 16.0.30517.126
MinimumVisualStudioVersion = 10.0.40219.1
Project("{FAE04EC0-301F-11D3-BF4B-00C04F79EFBC}") = "picture_viewer", "picture_viewer.csproj", "{ED727EC4-93F1-49AA-9BB4-8473D82CFA98}"
EndProject
Global
	GlobalSection(SolutionConfigurationPlatforms) = preSolution
		Debug|Any CPU = Debug|Any CPU
		Release|Any CPU = Release|Any CPU
	EndGlobalSection
	GlobalSection(ProjectConfigurationPlatforms) = postSolution
		{ED727EC4-93F1-49AA-9BB4-8473D82CFA98}.Debug|Any CPU.ActiveCfg = Debug|Any CPU
		{ED727EC4-93F1-49AA-9BB4-8473D82CFA98}.Debug|Any CPU.Build.0 = Debug|Any CPU
		{ED727EC4-93F1-49AA-9BB4-8473D82CFA98}.Release|Any CPU.ActiveCfg = Release|Any CPU
		{ED727EC4-93F1-49AA-9BB4-8473D82CFA98}.Release|Any CPU.Build.0 = Release|Any CPU
	EndGlobalSection
	GlobalSection(SolutionProperties) = preSolution
		HideSolutionNode = FALSE
	EndGlobalSection
	GlobalSection(ExtensibilityGlobals) = postSolution
		SolutionGuid = {17EC4B28-7FEC-40CA-AB59-04AFF4CB9E71}
	EndGlobalSection
EndGlobal
