
Microsoft Visual Studio Solution File, Format Version 12.00
# Visual Studio Version 16
VisualStudioVersion = 16.0.30517.126
MinimumVisualStudioVersion = 10.0.40219.1
Project("{FAE04EC0-301F-11D3-BF4B-00C04F79EFBC}") = "Hello_windows_app", "Hello_windows_app.csproj", "{0638F13B-AB8F-4C22-ADE6-33C1C978738F}"
EndProject
Global
	GlobalSection(SolutionConfigurationPlatforms) = preSolution
		Debug|Any CPU = Debug|Any CPU
		Release|Any CPU = Release|Any CPU
	EndGlobalSection
	GlobalSection(ProjectConfigurationPlatforms) = postSolution
		{0638F13B-AB8F-4C22-ADE6-33C1C978738F}.Debug|Any CPU.ActiveCfg = Debug|Any CPU
		{0638F13B-AB8F-4C22-ADE6-33C1C978738F}.Debug|Any CPU.Build.0 = Debug|Any CPU
		{0638F13B-AB8F-4C22-ADE6-33C1C978738F}.Release|Any CPU.ActiveCfg = Release|Any CPU
		{0638F13B-AB8F-4C22-ADE6-33C1C978738F}.Release|Any CPU.Build.0 = Release|Any CPU
	EndGlobalSection
	GlobalSection(SolutionProperties) = preSolution
		HideSolutionNode = FALSE
	EndGlobalSection
	GlobalSection(ExtensibilityGlobals) = postSolution
		SolutionGuid = {B40C2892-AAB6-4912-89AC-B9856577938C}
	EndGlobalSection
EndGlobal
